
Microsoft Visual Studio Solution File, Format Version 12.00
# Visual Studio 15
VisualStudioVersion = 15.0.26124.0
MinimumVisualStudioVersion = 15.0.26124.0
Project("{FAE04EC0-301F-11D3-BF4B-00C04F79EFBC}") = "BudgetMe.Domain", "BudgetMe.DomainTest\BudgetMe.Domain.csproj", "{B16D05F4-EF09-4410-B8C3-AEED6EBFE24C}"
EndProject
Project("{FAE04EC0-301F-11D3-BF4B-00C04F79EFBC}") = "BudgetMe.Client", "BudgetMe.Client\BudgetMe.Client.csproj", "{5C29F8AF-EC8D-4013-BA3D-ACD2813CF53F}"
EndProject
Project("{FAE04EC0-301F-11D3-BF4B-00C04F79EFBC}") = "BudgetMe.Domain", "BudgetMe.Domain\BudgetMe.Domain.csproj", "{66013207-8F03-412A-9EAD-C6CE570E89D3}"
EndProject
Project("{FAE04EC0-301F-11D3-BF4B-00C04F79EFBC}") = "BudgetMe.DomainTest", "BudgetMe.DomainTest\BudgetMe.DomainTest.csproj", "{3802CFA2-95FC-4842-8F8B-0260CD24F4DD}"
EndProject
Project("{FAE04EC0-301F-11D3-BF4B-00C04F79EFBC}") = "BudgetMe.Storing", "BudgetMe.Storing\BudgetMe.Storing.csproj", "{CD110B03-4958-474A-8739-BB34AAC1EFB3}"
EndProject
Project("{FAE04EC0-301F-11D3-BF4B-00C04F79EFBC}") = "BudgetMe.Testing", "BudgetMe.Testing\BudgetMe.Testing.csproj", "{95B7B011-9BA8-47F7-A4F0-107526961582}"
EndProject
Global
	GlobalSection(SolutionConfigurationPlatforms) = preSolution
		Debug|Any CPU = Debug|Any CPU
		Debug|x64 = Debug|x64
		Debug|x86 = Debug|x86
		Release|Any CPU = Release|Any CPU
		Release|x64 = Release|x64
		Release|x86 = Release|x86
	EndGlobalSection
	GlobalSection(SolutionProperties) = preSolution
		HideSolutionNode = FALSE
	EndGlobalSection
	GlobalSection(ProjectConfigurationPlatforms) = postSolution
		{B16D05F4-EF09-4410-B8C3-AEED6EBFE24C}.Debug|Any CPU.ActiveCfg = Debug|Any CPU
		{B16D05F4-EF09-4410-B8C3-AEED6EBFE24C}.Debug|Any CPU.Build.0 = Debug|Any CPU
		{B16D05F4-EF09-4410-B8C3-AEED6EBFE24C}.Debug|x64.ActiveCfg = Debug|Any CPU
		{B16D05F4-EF09-4410-B8C3-AEED6EBFE24C}.Debug|x64.Build.0 = Debug|Any CPU
		{B16D05F4-EF09-4410-B8C3-AEED6EBFE24C}.Debug|x86.ActiveCfg = Debug|Any CPU
		{B16D05F4-EF09-4410-B8C3-AEED6EBFE24C}.Debug|x86.Build.0 = Debug|Any CPU
		{B16D05F4-EF09-4410-B8C3-AEED6EBFE24C}.Release|Any CPU.ActiveCfg = Release|Any CPU
		{B16D05F4-EF09-4410-B8C3-AEED6EBFE24C}.Release|Any CPU.Build.0 = Release|Any CPU
		{B16D05F4-EF09-4410-B8C3-AEED6EBFE24C}.Release|x64.ActiveCfg = Release|Any CPU
		{B16D05F4-EF09-4410-B8C3-AEED6EBFE24C}.Release|x64.Build.0 = Release|Any CPU
		{B16D05F4-EF09-4410-B8C3-AEED6EBFE24C}.Release|x86.ActiveCfg = Release|Any CPU
		{B16D05F4-EF09-4410-B8C3-AEED6EBFE24C}.Release|x86.Build.0 = Release|Any CPU
		{5C29F8AF-EC8D-4013-BA3D-ACD2813CF53F}.Debug|Any CPU.ActiveCfg = Debug|Any CPU
		{5C29F8AF-EC8D-4013-BA3D-ACD2813CF53F}.Debug|Any CPU.Build.0 = Debug|Any CPU
		{5C29F8AF-EC8D-4013-BA3D-ACD2813CF53F}.Debug|x64.ActiveCfg = Debug|Any CPU
		{5C29F8AF-EC8D-4013-BA3D-ACD2813CF53F}.Debug|x64.Build.0 = Debug|Any CPU
		{5C29F8AF-EC8D-4013-BA3D-ACD2813CF53F}.Debug|x86.ActiveCfg = Debug|Any CPU
		{5C29F8AF-EC8D-4013-BA3D-ACD2813CF53F}.Debug|x86.Build.0 = Debug|Any CPU
		{5C29F8AF-EC8D-4013-BA3D-ACD2813CF53F}.Release|Any CPU.ActiveCfg = Release|Any CPU
		{5C29F8AF-EC8D-4013-BA3D-ACD2813CF53F}.Release|Any CPU.Build.0 = Release|Any CPU
		{5C29F8AF-EC8D-4013-BA3D-ACD2813CF53F}.Release|x64.ActiveCfg = Release|Any CPU
		{5C29F8AF-EC8D-4013-BA3D-ACD2813CF53F}.Release|x64.Build.0 = Release|Any CPU
		{5C29F8AF-EC8D-4013-BA3D-ACD2813CF53F}.Release|x86.ActiveCfg = Release|Any CPU
		{5C29F8AF-EC8D-4013-BA3D-ACD2813CF53F}.Release|x86.Build.0 = Release|Any CPU
		{66013207-8F03-412A-9EAD-C6CE570E89D3}.Debug|Any CPU.ActiveCfg = Debug|Any CPU
		{66013207-8F03-412A-9EAD-C6CE570E89D3}.Debug|Any CPU.Build.0 = Debug|Any CPU
		{66013207-8F03-412A-9EAD-C6CE570E89D3}.Debug|x64.ActiveCfg = Debug|Any CPU
		{66013207-8F03-412A-9EAD-C6CE570E89D3}.Debug|x64.Build.0 = Debug|Any CPU
		{66013207-8F03-412A-9EAD-C6CE570E89D3}.Debug|x86.ActiveCfg = Debug|Any CPU
		{66013207-8F03-412A-9EAD-C6CE570E89D3}.Debug|x86.Build.0 = Debug|Any CPU
		{66013207-8F03-412A-9EAD-C6CE570E89D3}.Release|Any CPU.ActiveCfg = Release|Any CPU
		{66013207-8F03-412A-9EAD-C6CE570E89D3}.Release|Any CPU.Build.0 = Release|Any CPU
		{66013207-8F03-412A-9EAD-C6CE570E89D3}.Release|x64.ActiveCfg = Release|Any CPU
		{66013207-8F03-412A-9EAD-C6CE570E89D3}.Release|x64.Build.0 = Release|Any CPU
		{66013207-8F03-412A-9EAD-C6CE570E89D3}.Release|x86.ActiveCfg = Release|Any CPU
		{66013207-8F03-412A-9EAD-C6CE570E89D3}.Release|x86.Build.0 = Release|Any CPU
		{3802CFA2-95FC-4842-8F8B-0260CD24F4DD}.Debug|Any CPU.ActiveCfg = Debug|Any CPU
		{3802CFA2-95FC-4842-8F8B-0260CD24F4DD}.Debug|Any CPU.Build.0 = Debug|Any CPU
		{3802CFA2-95FC-4842-8F8B-0260CD24F4DD}.Debug|x64.ActiveCfg = Debug|Any CPU
		{3802CFA2-95FC-4842-8F8B-0260CD24F4DD}.Debug|x64.Build.0 = Debug|Any CPU
		{3802CFA2-95FC-4842-8F8B-0260CD24F4DD}.Debug|x86.ActiveCfg = Debug|Any CPU
		{3802CFA2-95FC-4842-8F8B-0260CD24F4DD}.Debug|x86.Build.0 = Debug|Any CPU
		{3802CFA2-95FC-4842-8F8B-0260CD24F4DD}.Release|Any CPU.ActiveCfg = Release|Any CPU
		{3802CFA2-95FC-4842-8F8B-0260CD24F4DD}.Release|Any CPU.Build.0 = Release|Any CPU
		{3802CFA2-95FC-4842-8F8B-0260CD24F4DD}.Release|x64.ActiveCfg = Release|Any CPU
		{3802CFA2-95FC-4842-8F8B-0260CD24F4DD}.Release|x64.Build.0 = Release|Any CPU
		{3802CFA2-95FC-4842-8F8B-0260CD24F4DD}.Release|x86.ActiveCfg = Release|Any CPU
		{3802CFA2-95FC-4842-8F8B-0260CD24F4DD}.Release|x86.Build.0 = Release|Any CPU
		{CD110B03-4958-474A-8739-BB34AAC1EFB3}.Debug|Any CPU.ActiveCfg = Debug|Any CPU
		{CD110B03-4958-474A-8739-BB34AAC1EFB3}.Debug|Any CPU.Build.0 = Debug|Any CPU
		{CD110B03-4958-474A-8739-BB34AAC1EFB3}.Debug|x64.ActiveCfg = Debug|Any CPU
		{CD110B03-4958-474A-8739-BB34AAC1EFB3}.Debug|x64.Build.0 = Debug|Any CPU
		{CD110B03-4958-474A-8739-BB34AAC1EFB3}.Debug|x86.ActiveCfg = Debug|Any CPU
		{CD110B03-4958-474A-8739-BB34AAC1EFB3}.Debug|x86.Build.0 = Debug|Any CPU
		{CD110B03-4958-474A-8739-BB34AAC1EFB3}.Release|Any CPU.ActiveCfg = Release|Any CPU
		{CD110B03-4958-474A-8739-BB34AAC1EFB3}.Release|Any CPU.Build.0 = Release|Any CPU
		{CD110B03-4958-474A-8739-BB34AAC1EFB3}.Release|x64.ActiveCfg = Release|Any CPU
		{CD110B03-4958-474A-8739-BB34AAC1EFB3}.Release|x64.Build.0 = Release|Any CPU
		{CD110B03-4958-474A-8739-BB34AAC1EFB3}.Release|x86.ActiveCfg = Release|Any CPU
		{CD110B03-4958-474A-8739-BB34AAC1EFB3}.Release|x86.Build.0 = Release|Any CPU
		{95B7B011-9BA8-47F7-A4F0-107526961582}.Debug|Any CPU.ActiveCfg = Debug|Any CPU
		{95B7B011-9BA8-47F7-A4F0-107526961582}.Debug|Any CPU.Build.0 = Debug|Any CPU
		{95B7B011-9BA8-47F7-A4F0-107526961582}.Debug|x64.ActiveCfg = Debug|Any CPU
		{95B7B011-9BA8-47F7-A4F0-107526961582}.Debug|x64.Build.0 = Debug|Any CPU
		{95B7B011-9BA8-47F7-A4F0-107526961582}.Debug|x86.ActiveCfg = Debug|Any CPU
		{95B7B011-9BA8-47F7-A4F0-107526961582}.Debug|x86.Build.0 = Debug|Any CPU
		{95B7B011-9BA8-47F7-A4F0-107526961582}.Release|Any CPU.ActiveCfg = Release|Any CPU
		{95B7B011-9BA8-47F7-A4F0-107526961582}.Release|Any CPU.Build.0 = Release|Any CPU
		{95B7B011-9BA8-47F7-A4F0-107526961582}.Release|x64.ActiveCfg = Release|Any CPU
		{95B7B011-9BA8-47F7-A4F0-107526961582}.Release|x64.Build.0 = Release|Any CPU
		{95B7B011-9BA8-47F7-A4F0-107526961582}.Release|x86.ActiveCfg = Release|Any CPU
		{95B7B011-9BA8-47F7-A4F0-107526961582}.Release|x86.Build.0 = Release|Any CPU
	EndGlobalSection
EndGlobal
